
Microsoft Visual Studio Solution File, Format Version 12.00
# Visual Studio Version 17
VisualStudioVersion = 17.10.35013.160
MinimumVisualStudioVersion = 10.0.40219.1
Project("{FAE04EC0-301F-11D3-BF4B-00C04F79EFBC}") = "MyFirstNSwagApplication", "MyFirstNSwagApplication.csproj", "{CC6FE5F5-D110-483B-BEE6-44D4EED7EA95}"
EndProject
Global
	GlobalSection(SolutionConfigurationPlatforms) = preSolution
		Debug|Any CPU = Debug|Any CPU
		Release|Any CPU = Release|Any CPU
	EndGlobalSection
	GlobalSection(ProjectConfigurationPlatforms) = postSolution
		{CC6FE5F5-D110-483B-BEE6-44D4EED7EA95}.Debug|Any CPU.ActiveCfg = Debug|Any CPU
		{CC6FE5F5-D110-483B-BEE6-44D4EED7EA95}.Debug|Any CPU.Build.0 = Debug|Any CPU
		{CC6FE5F5-D110-483B-BEE6-44D4EED7EA95}.Release|Any CPU.ActiveCfg = Release|Any CPU
		{CC6FE5F5-D110-483B-BEE6-44D4EED7EA95}.Release|Any CPU.Build.0 = Release|Any CPU
	EndGlobalSection
	GlobalSection(SolutionProperties) = preSolution
		HideSolutionNode = FALSE
	EndGlobalSection
	GlobalSection(ExtensibilityGlobals) = postSolution
		SolutionGuid = {DB907A57-A9FD-4ACD-A277-4B5AF04F9351}
	EndGlobalSection
EndGlobal
